
Microsoft Visual Studio Solution File, Format Version 12.00
# Visual Studio Version 16
VisualStudioVersion = 16.0.29418.71
MinimumVisualStudioVersion = 10.0.40219.1
Project("{FAE04EC0-301F-11D3-BF4B-00C04F79EFBC}") = "ev3-dev-csharp", "ev3-dev-csharp\ev3-dev-csharp.csproj", "{CAD136B9-1028-499A-8265-8B40B7DCC462}"
EndProject
Project("{FAE04EC0-301F-11D3-BF4B-00C04F79EFBC}") = "IrRemote", "IrRemote\IrRemote.csproj", "{7268A44B-B591-475F-B11D-F2777BC1CB03}"
EndProject
Project("{FAE04EC0-301F-11D3-BF4B-00C04F79EFBC}") = "PlaySound", "PlaySound\PlaySound.csproj", "{871E7241-0A81-4B3D-AD0E-DB2490D13209}"
EndProject
Project("{FAE04EC0-301F-11D3-BF4B-00C04F79EFBC}") = "PrintableChar", "PrintableChar\PrintableChar.csproj", "{EDB5CEAE-0B18-4CAC-9278-764A360A89CF}"
EndProject
Project("{FAE04EC0-301F-11D3-BF4B-00C04F79EFBC}") = "HeadControl", "HeadControl\HeadControl.csproj", "{A0B0EA30-52F0-449E-9A4E-1F8E9D1217ED}"
EndProject
Project("{FAE04EC0-301F-11D3-BF4B-00C04F79EFBC}") = "MotorControl", "MotorControl\MotorControl.csproj", "{30181869-E2A4-4654-B0B1-9B102484938F}"
EndProject
Project("{FAE04EC0-301F-11D3-BF4B-00C04F79EFBC}") = "LcdTest", "LcdTest\LcdTest.csproj", "{699C970B-A820-421A-98E7-DFC0188E704A}"
EndProject
Project("{FAE04EC0-301F-11D3-BF4B-00C04F79EFBC}") = "EngineControl", "EngineControl\EngineControl.csproj", "{6355CDC4-31C8-4DD9-B6E1-4E899D0A89B4}"
EndProject
Project("{FAE04EC0-301F-11D3-BF4B-00C04F79EFBC}") = "MotorUi", "MotorUi\MotorUi.csproj", "{B068583C-74DB-4C61-A4D3-30D30794F225}"
EndProject
Project("{FAE04EC0-301F-11D3-BF4B-00C04F79EFBC}") = "Ev3System", "Ev3System\Ev3System.csproj", "{D2EC45AD-77D8-4C45-B81A-FB8F351EAD97}"
EndProject
Project("{2150E333-8FDC-42A3-9474-1A3956D46DE8}") = "Solution Items", "Solution Items", "{6CB84FD5-E879-4BEA-BFD9-2E59DAD9581C}"
	ProjectSection(SolutionItems) = preProject
		README.md = README.md
	EndProjectSection
EndProject
Global
	GlobalSection(SolutionConfigurationPlatforms) = preSolution
		Debug|Any CPU = Debug|Any CPU
		Release|Any CPU = Release|Any CPU
	EndGlobalSection
	GlobalSection(ProjectConfigurationPlatforms) = postSolution
		{CAD136B9-1028-499A-8265-8B40B7DCC462}.Debug|Any CPU.ActiveCfg = Debug|Any CPU
		{CAD136B9-1028-499A-8265-8B40B7DCC462}.Debug|Any CPU.Build.0 = Debug|Any CPU
		{CAD136B9-1028-499A-8265-8B40B7DCC462}.Release|Any CPU.ActiveCfg = Release|Any CPU
		{CAD136B9-1028-499A-8265-8B40B7DCC462}.Release|Any CPU.Build.0 = Release|Any CPU
		{7268A44B-B591-475F-B11D-F2777BC1CB03}.Debug|Any CPU.ActiveCfg = Debug|Any CPU
		{7268A44B-B591-475F-B11D-F2777BC1CB03}.Debug|Any CPU.Build.0 = Debug|Any CPU
		{7268A44B-B591-475F-B11D-F2777BC1CB03}.Release|Any CPU.ActiveCfg = Release|Any CPU
		{7268A44B-B591-475F-B11D-F2777BC1CB03}.Release|Any CPU.Build.0 = Release|Any CPU
		{871E7241-0A81-4B3D-AD0E-DB2490D13209}.Debug|Any CPU.ActiveCfg = Debug|Any CPU
		{871E7241-0A81-4B3D-AD0E-DB2490D13209}.Debug|Any CPU.Build.0 = Debug|Any CPU
		{871E7241-0A81-4B3D-AD0E-DB2490D13209}.Release|Any CPU.ActiveCfg = Release|Any CPU
		{871E7241-0A81-4B3D-AD0E-DB2490D13209}.Release|Any CPU.Build.0 = Release|Any CPU
		{EDB5CEAE-0B18-4CAC-9278-764A360A89CF}.Debug|Any CPU.ActiveCfg = Debug|Any CPU
		{EDB5CEAE-0B18-4CAC-9278-764A360A89CF}.Debug|Any CPU.Build.0 = Debug|Any CPU
		{EDB5CEAE-0B18-4CAC-9278-764A360A89CF}.Release|Any CPU.ActiveCfg = Release|Any CPU
		{EDB5CEAE-0B18-4CAC-9278-764A360A89CF}.Release|Any CPU.Build.0 = Release|Any CPU
		{A0B0EA30-52F0-449E-9A4E-1F8E9D1217ED}.Debug|Any CPU.ActiveCfg = Debug|Any CPU
		{A0B0EA30-52F0-449E-9A4E-1F8E9D1217ED}.Debug|Any CPU.Build.0 = Debug|Any CPU
		{A0B0EA30-52F0-449E-9A4E-1F8E9D1217ED}.Release|Any CPU.ActiveCfg = Release|Any CPU
		{A0B0EA30-52F0-449E-9A4E-1F8E9D1217ED}.Release|Any CPU.Build.0 = Release|Any CPU
		{30181869-E2A4-4654-B0B1-9B102484938F}.Debug|Any CPU.ActiveCfg = Debug|Any CPU
		{30181869-E2A4-4654-B0B1-9B102484938F}.Debug|Any CPU.Build.0 = Debug|Any CPU
		{30181869-E2A4-4654-B0B1-9B102484938F}.Release|Any CPU.ActiveCfg = Release|Any CPU
		{30181869-E2A4-4654-B0B1-9B102484938F}.Release|Any CPU.Build.0 = Release|Any CPU
		{699C970B-A820-421A-98E7-DFC0188E704A}.Debug|Any CPU.ActiveCfg = Debug|Any CPU
		{699C970B-A820-421A-98E7-DFC0188E704A}.Debug|Any CPU.Build.0 = Debug|Any CPU
		{699C970B-A820-421A-98E7-DFC0188E704A}.Release|Any CPU.ActiveCfg = Release|Any CPU
		{699C970B-A820-421A-98E7-DFC0188E704A}.Release|Any CPU.Build.0 = Release|Any CPU
		{6355CDC4-31C8-4DD9-B6E1-4E899D0A89B4}.Debug|Any CPU.ActiveCfg = Debug|Any CPU
		{6355CDC4-31C8-4DD9-B6E1-4E899D0A89B4}.Debug|Any CPU.Build.0 = Debug|Any CPU
		{6355CDC4-31C8-4DD9-B6E1-4E899D0A89B4}.Release|Any CPU.ActiveCfg = Release|Any CPU
		{6355CDC4-31C8-4DD9-B6E1-4E899D0A89B4}.Release|Any CPU.Build.0 = Release|Any CPU
		{B068583C-74DB-4C61-A4D3-30D30794F225}.Debug|Any CPU.ActiveCfg = Debug|Any CPU
		{B068583C-74DB-4C61-A4D3-30D30794F225}.Debug|Any CPU.Build.0 = Debug|Any CPU
		{B068583C-74DB-4C61-A4D3-30D30794F225}.Release|Any CPU.ActiveCfg = Release|Any CPU
		{B068583C-74DB-4C61-A4D3-30D30794F225}.Release|Any CPU.Build.0 = Release|Any CPU
		{D2EC45AD-77D8-4C45-B81A-FB8F351EAD97}.Debug|Any CPU.ActiveCfg = Debug|Any CPU
		{D2EC45AD-77D8-4C45-B81A-FB8F351EAD97}.Debug|Any CPU.Build.0 = Debug|Any CPU
		{D2EC45AD-77D8-4C45-B81A-FB8F351EAD97}.Release|Any CPU.ActiveCfg = Release|Any CPU
		{D2EC45AD-77D8-4C45-B81A-FB8F351EAD97}.Release|Any CPU.Build.0 = Release|Any CPU
	EndGlobalSection
	GlobalSection(SolutionProperties) = preSolution
		HideSolutionNode = FALSE
	EndGlobalSection
	GlobalSection(ExtensibilityGlobals) = postSolution
		SolutionGuid = {3715476B-282E-4502-B3DB-A89DC90265E3}
	EndGlobalSection
EndGlobal
